
Microsoft Visual Studio Solution File, Format Version 12.00
Project("{FAE04EC0-301F-11D3-BF4B-00C04F79EFBC}") = "APBD_Cw2", "APBD_Cw2.csproj", "{4461050B-EEF7-41E0-BBCC-A92ACC958404}"
EndProject
Global
	GlobalSection(SolutionConfigurationPlatforms) = preSolution
		Debug|Any CPU = Debug|Any CPU
		Release|Any CPU = Release|Any CPU
	EndGlobalSection
	GlobalSection(ProjectConfigurationPlatforms) = postSolution
		{4461050B-EEF7-41E0-BBCC-A92ACC958404}.Debug|Any CPU.ActiveCfg = Debug|Any CPU
		{4461050B-EEF7-41E0-BBCC-A92ACC958404}.Debug|Any CPU.Build.0 = Debug|Any CPU
		{4461050B-EEF7-41E0-BBCC-A92ACC958404}.Release|Any CPU.ActiveCfg = Release|Any CPU
		{4461050B-EEF7-41E0-BBCC-A92ACC958404}.Release|Any CPU.Build.0 = Release|Any CPU
	EndGlobalSection
EndGlobal
